{
    "requires": true,
    "lockfileVersion": 1,
    "dependencies": {
        "adapt-pkg-main": {
            "version": "1.1.0",
            "resolved": "https://registry.npmjs.org/adapt-pkg-main/-/adapt-pkg-main-1.1.0.tgz",
            "integrity": "sha1-XAjDNptpZF6wFF4emGd+00RBgP8="
        },
        "backbone": {
            "version": "1.3.3",
            "resolved": "https://registry.npmjs.org/backbone/-/backbone-1.3.3.tgz",
            "integrity": "sha1-TMgOp8sWMaxHSInOQPL4vGg7KZk=",
            "requires": {
                "underscore": "1.9.1"
            }
        },
        "bootstrap": {
            "version": "4.1.3",
            "resolved": "https://registry.npmjs.org/bootstrap/-/bootstrap-4.1.3.tgz",
            "integrity": "sha512-rDFIzgXcof0jDyjNosjv4Sno77X4KuPeFxG2XZZv1/Kc8DRVGVADdoQyyOVDwPqL36DDmtCQbrpMCqvpPLJQ0w=="
        },
        "font-awesome": {
            "version": "4.7.0",
            "resolved": "https://registry.npmjs.org/font-awesome/-/font-awesome-4.7.0.tgz",
            "integrity": "sha1-j6jPBBGhoxr9B7BtKQK7n8gVoTM="
        },
        "jquery": {
            "version": "3.3.1",
            "resolved": "https://registry.npmjs.org/jquery/-/jquery-3.3.1.tgz",
            "integrity": "sha512-Ubldcmxp5np52/ENotGxlLe6aGMvmF4R8S6tZjsP6Knsaxd/xp3Zrh50cG93lR6nPXyUFwzN3ZSOQI0wRJNdGg=="
        },
        "mustache": {
            "version": "2.3.1",
            "resolved": "https://registry.npmjs.org/mustache/-/mustache-2.3.1.tgz",
            "integrity": "sha512-20dW38oeiTzauvbxs1YxQbr3gbu/Lfo15J4V0EqbspYnn/GwSeTSDNtESy2nak28BW0k8qp7dnrFhrsejLPUtw=="
        },
        "popper.js": {
            "version": "1.14.3",
            "resolved": "https://registry.npmjs.org/popper.js/-/popper.js-1.14.3.tgz",
            "integrity": "sha1-FDj5jQRqz3tNeM1QK/QYrGTU8JU="
        },
        "requirejs": {
            "version": "2.3.5",
            "resolved": "https://registry.npmjs.org/requirejs/-/requirejs-2.3.5.tgz",
            "integrity": "sha512-svnO+aNcR/an9Dpi44C7KSAy5fFGLtmPbaaCeQaklUz8BQhS64tWWIIlvEA5jrWICzlO/X9KSzSeXFnZdBu8nw=="
        },
        "requirejs-text": {
            "version": "2.0.15",
            "resolved": "https://registry.npmjs.org/requirejs-text/-/requirejs-text-2.0.15.tgz",
            "integrity": "sha1-ExOHM2E/xEV7fhJH6Mt1HfeqVCk="
        },
        "underscore": {
            "version": "1.9.1",
            "resolved": "https://registry.npmjs.org/underscore/-/underscore-1.9.1.tgz",
            "integrity": "sha512-5/4etnCkd9c8gwgowi5/om/mYO5ajCaOgdzj/oW+0eQV9WxKBDZw5+ycmKmeaTXjInS/W0BzpGLo2xR2aBwZdg=="
        }
    }
}
